{
  "name": "@jstiller/layer",
  "version": "0.0.1",
  "lockfileVersion": 1,
  "dependencies": {
    "@jstiller/ajax": {
      "version": "0.0.1",
      "resolved": "https://registry.npmjs.org/@jstiller/ajax/-/ajax-0.0.1.tgz",
      "integrity": "sha512-eHzZBfIuoO8rr7gUMimnLwBgXZSD6N3WbJbhRGiOgyNQAWDHTc/f9PFuUqntPog24aPknuacC3Y12idWqmWoXg=="
    },
    "@jstiller/dom": {
      "version": "0.0.1",
      "resolved": "https://registry.npmjs.org/@jstiller/dom/-/dom-0.0.1.tgz",
      "integrity": "sha512-lkpVcE/LqqnYcRqCf1GxKJyAUre2TB1DfxIU2vxvy7/tp3QnlknkAlcWNH2/+rDRVJ3sc4RbsFcNilKmrZ4NvQ=="
    },
    "@jstiller/serialize": {
      "version": "github:jstiller/serialize#27a4d825cef8fdd1227703b2aa43fd061c056314"
    }
  }
}
